// !$*UTF8*$!
{
	archiveVersion = 1;
	classes = {
	};
	objectVersion = 50;
	objects = {

/* Begin PBXBuildFile section */
		810FF14D24DAC13100E76872 /* AppDelegate.swift in Sources */ = {isa = PBXBuildFile; fileRef = 810FF14C24DAC13100E76872 /* AppDelegate.swift */; };
		810FF14F24DAC13100E76872 /* SceneDelegate.swift in Sources */ = {isa = PBXBuildFile; fileRef = 810FF14E24DAC13100E76872 /* SceneDelegate.swift */; };
		810FF15124DAC13100E76872 /* ViewController.swift in Sources */ = {isa = PBXBuildFile; fileRef = 810FF15024DAC13100E76872 /* ViewController.swift */; };
		810FF15424DAC13100E76872 /* Main.storyboard in Resources */ = {isa = PBXBuildFile; fileRef = 810FF15224DAC13100E76872 /* Main.storyboard */; };
		810FF15624DAC13200E76872 /* Assets.xcassets in Resources */ = {isa = PBXBuildFile; fileRef = 810FF15524DAC13200E76872 /* Assets.xcassets */; };
		810FF15924DAC13200E76872 /* LaunchScreen.storyboard in Resources */ = {isa = PBXBuildFile; fileRef = 810FF15724DAC13200E76872 /* LaunchScreen.storyboard */; };
		810FF16424DAC13200E76872 /* AlgorithmSwiftTests.swift in Sources */ = {isa = PBXBuildFile; fileRef = 810FF16324DAC13200E76872 /* AlgorithmSwiftTests.swift */; };
		810FF16F24DAC13200E76872 /* AlgorithmSwiftUITests.swift in Sources */ = {isa = PBXBuildFile; fileRef = 810FF16E24DAC13200E76872 /* AlgorithmSwiftUITests.swift */; };
		810FF18024DAC9C600E76872 /* BubbleSort.swift in Sources */ = {isa = PBXBuildFile; fileRef = 810FF17F24DAC9C600E76872 /* BubbleSort.swift */; };
		812E179624E1270A003A0CE8 /* BaseViewController.swift in Sources */ = {isa = PBXBuildFile; fileRef = 812E179524E1270A003A0CE8 /* BaseViewController.swift */; };
		812E179824E12781003A0CE8 /* SelectionSort.swift in Sources */ = {isa = PBXBuildFile; fileRef = 812E179724E12781003A0CE8 /* SelectionSort.swift */; };
		8164D4E1253ECE8C006ED328 /* MaxProfit_121.swift in Sources */ = {isa = PBXBuildFile; fileRef = 8164D4E0253ECE8C006ED328 /* MaxProfit_121.swift */; };
		8164D4E325402104006ED328 /* MaxProfit_122_II.swift in Sources */ = {isa = PBXBuildFile; fileRef = 8164D4E225402104006ED328 /* MaxProfit_122_II.swift */; };
		8180573724E27C7F00FFD979 /* QuickSort.swift in Sources */ = {isa = PBXBuildFile; fileRef = 8180573624E27C7F00FFD979 /* QuickSort.swift */; };
		8180573924E294A000FFD979 /* BinarySearch.swift in Sources */ = {isa = PBXBuildFile; fileRef = 8180573824E294A000FFD979 /* BinarySearch.swift */; };
		81DC83A52520780C00EE0CBF /* Intersect_350.swift in Sources */ = {isa = PBXBuildFile; fileRef = 81DC83A42520780C00EE0CBF /* Intersect_350.swift */; };
		81DC83A72520789700EE0CBF /* ToSum_1.swift in Sources */ = {isa = PBXBuildFile; fileRef = 81DC83A62520789700EE0CBF /* ToSum_1.swift */; };
		81DC83A92520799000EE0CBF /* LongestCommonPrefix_14.swift in Sources */ = {isa = PBXBuildFile; fileRef = 81DC83A82520799000EE0CBF /* LongestCommonPrefix_14.swift */; };
		81F92B432588EA4A007736DD /* IsPalindrome_9.swift in Sources */ = {isa = PBXBuildFile; fileRef = 81F92B422588EA49007736DD /* IsPalindrome_9.swift */; };
		FD1F7D052562BA1B00F40584 /* LeastNumbers.swift in Sources */ = {isa = PBXBuildFile; fileRef = FD1F7D042562BA1B00F40584 /* LeastNumbers.swift */; };
		FD4FD8982559838800365D57 /* RotateArray_189.swift in Sources */ = {isa = PBXBuildFile; fileRef = FD4FD8972559838800365D57 /* RotateArray_189.swift */; };
		FD82B1C3255AD65C005AB1C9 /* MaxLengthCharacters_1624.swift in Sources */ = {isa = PBXBuildFile; fileRef = FD82B1C2255AD65C005AB1C9 /* MaxLengthCharacters_1624.swift */; };
		FDA65E2E2566B41D00644E95 /* LengthOfLongestSubstring_03.swift in Sources */ = {isa = PBXBuildFile; fileRef = FDA65E2D2566B41D00644E95 /* LengthOfLongestSubstring_03.swift */; };
		FDA65E33256BEDD400644E95 /* ReverseInt_07.swift in Sources */ = {isa = PBXBuildFile; fileRef = FDA65E32256BEDD400644E95 /* ReverseInt_07.swift */; };
		FDA65E38256EA02D00644E95 /* LongestPalindrome_05.swift in Sources */ = {isa = PBXBuildFile; fileRef = FDA65E37256EA02D00644E95 /* LongestPalindrome_05.swift */; };
		FDA65E40257534A200644E95 /* RemoveDuplicates_26.swift in Sources */ = {isa = PBXBuildFile; fileRef = FDA65E3F257534A200644E95 /* RemoveDuplicates_26.swift */; };
		FDA65E452576821A00644E95 /* RomanToInt_13.swift in Sources */ = {isa = PBXBuildFile; fileRef = FDA65E442576821A00644E95 /* RomanToInt_13.swift */; };
		FDA65E4A2579212000644E95 /* RemoveElement_27.swift in Sources */ = {isa = PBXBuildFile; fileRef = FDA65E492579212000644E95 /* RemoveElement_27.swift */; };
		FDA65E4F257FB33800644E95 /* ValideBrackets_20.swift in Sources */ = {isa = PBXBuildFile; fileRef = FDA65E4E257FB33800644E95 /* ValideBrackets_20.swift */; };
		FDA65E54258105B500644E95 /* ThreeSum_15.swift in Sources */ = {isa = PBXBuildFile; fileRef = FDA65E53258105B500644E95 /* ThreeSum_15.swift */; };
/* End PBXBuildFile section */

/* Begin PBXContainerItemProxy section */
		810FF16024DAC13200E76872 /* PBXContainerItemProxy */ = {
			isa = PBXContainerItemProxy;
			containerPortal = 810FF14124DAC13000E76872 /* Project object */;
			proxyType = 1;
			remoteGlobalIDString = 810FF14824DAC13100E76872;
			remoteInfo = AlgorithmSwift;
		};
		810FF16B24DAC13200E76872 /* PBXContainerItemProxy */ = {
			isa = PBXContainerItemProxy;
			containerPortal = 810FF14124DAC13000E76872 /* Project object */;
			proxyType = 1;
			remoteGlobalIDString = 810FF14824DAC13100E76872;
			remoteInfo = AlgorithmSwift;
		};
/* End PBXContainerItemProxy section */

/* Begin PBXFileReference section */
		810FF14924DAC13100E76872 /* AlgorithmSwift.app */ = {isa = PBXFileReference; explicitFileType = wrapper.application; includeInIndex = 0; path = AlgorithmSwift.app; sourceTree = BUILT_PRODUCTS_DIR; };
		810FF14C24DAC13100E76872 /* AppDelegate.swift */ = {isa = PBXFileReference; lastKnownFileType = sourcecode.swift; path = AppDelegate.swift; sourceTree = "<group>"; };
		810FF14E24DAC13100E76872 /* SceneDelegate.swift */ = {isa = PBXFileReference; lastKnownFileType = sourcecode.swift; path = SceneDelegate.swift; sourceTree = "<group>"; };
		810FF15024DAC13100E76872 /* ViewController.swift */ = {isa = PBXFileReference; lastKnownFileType = sourcecode.swift; path = ViewController.swift; sourceTree = "<group>"; };
		810FF15324DAC13100E76872 /* Base */ = {isa = PBXFileReference; lastKnownFileType = file.storyboard; name = Base; path = Base.lproj/Main.storyboard; sourceTree = "<group>"; };
		810FF15524DAC13200E76872 /* Assets.xcassets */ = {isa = PBXFileReference; lastKnownFileType = folder.assetcatalog; path = Assets.xcassets; sourceTree = "<group>"; };
		810FF15824DAC13200E76872 /* Base */ = {isa = PBXFileReference; lastKnownFileType = file.storyboard; name = Base; path = Base.lproj/LaunchScreen.storyboard; sourceTree = "<group>"; };
		810FF15A24DAC13200E76872 /* Info.plist */ = {isa = PBXFileReference; lastKnownFileType = text.plist.xml; path = Info.plist; sourceTree = "<group>"; };
		810FF15F24DAC13200E76872 /* AlgorithmSwiftTests.xctest */ = {isa = PBXFileReference; explicitFileType = wrapper.cfbundle; includeInIndex = 0; path = AlgorithmSwiftTests.xctest; sourceTree = BUILT_PRODUCTS_DIR; };
		810FF16324DAC13200E76872 /* AlgorithmSwiftTests.swift */ = {isa = PBXFileReference; lastKnownFileType = sourcecode.swift; path = AlgorithmSwiftTests.swift; sourceTree = "<group>"; };
		810FF16524DAC13200E76872 /* Info.plist */ = {isa = PBXFileReference; lastKnownFileType = text.plist.xml; path = Info.plist; sourceTree = "<group>"; };
		810FF16A24DAC13200E76872 /* AlgorithmSwiftUITests.xctest */ = {isa = PBXFileReference; explicitFileType = wrapper.cfbundle; includeInIndex = 0; path = AlgorithmSwiftUITests.xctest; sourceTree = BUILT_PRODUCTS_DIR; };
		810FF16E24DAC13200E76872 /* AlgorithmSwiftUITests.swift */ = {isa = PBXFileReference; lastKnownFileType = sourcecode.swift; path = AlgorithmSwiftUITests.swift; sourceTree = "<group>"; };
		810FF17024DAC13200E76872 /* Info.plist */ = {isa = PBXFileReference; lastKnownFileType = text.plist.xml; path = Info.plist; sourceTree = "<group>"; };
		810FF17F24DAC9C600E76872 /* BubbleSort.swift */ = {isa = PBXFileReference; lastKnownFileType = sourcecode.swift; path = BubbleSort.swift; sourceTree = "<group>"; };
		812E179524E1270A003A0CE8 /* BaseViewController.swift */ = {isa = PBXFileReference; fileEncoding = 4; lastKnownFileType = sourcecode.swift; path = BaseViewController.swift; sourceTree = "<group>"; };
		812E179724E12781003A0CE8 /* SelectionSort.swift */ = {isa = PBXFileReference; lastKnownFileType = sourcecode.swift; path = SelectionSort.swift; sourceTree = "<group>"; };
		8164D4E0253ECE8C006ED328 /* MaxProfit_121.swift */ = {isa = PBXFileReference; lastKnownFileType = sourcecode.swift; path = MaxProfit_121.swift; sourceTree = "<group>"; };
		8164D4E225402104006ED328 /* MaxProfit_122_II.swift */ = {isa = PBXFileReference; lastKnownFileType = sourcecode.swift; path = MaxProfit_122_II.swift; sourceTree = "<group>"; };
		8180573624E27C7F00FFD979 /* QuickSort.swift */ = {isa = PBXFileReference; lastKnownFileType = sourcecode.swift; path = QuickSort.swift; sourceTree = "<group>"; };
		8180573824E294A000FFD979 /* BinarySearch.swift */ = {isa = PBXFileReference; lastKnownFileType = sourcecode.swift; path = BinarySearch.swift; sourceTree = "<group>"; };
		81DC83A42520780C00EE0CBF /* Intersect_350.swift */ = {isa = PBXFileReference; lastKnownFileType = sourcecode.swift; path = Intersect_350.swift; sourceTree = "<group>"; };
		81DC83A62520789700EE0CBF /* ToSum_1.swift */ = {isa = PBXFileReference; lastKnownFileType = sourcecode.swift; path = ToSum_1.swift; sourceTree = "<group>"; };
		81DC83A82520799000EE0CBF /* LongestCommonPrefix_14.swift */ = {isa = PBXFileReference; lastKnownFileType = sourcecode.swift; path = LongestCommonPrefix_14.swift; sourceTree = "<group>"; };
		81F92B422588EA49007736DD /* IsPalindrome_9.swift */ = {isa = PBXFileReference; lastKnownFileType = sourcecode.swift; path = IsPalindrome_9.swift; sourceTree = "<group>"; };
		FD1F7D042562BA1B00F40584 /* LeastNumbers.swift */ = {isa = PBXFileReference; lastKnownFileType = sourcecode.swift; path = LeastNumbers.swift; sourceTree = "<group>"; };
		FD4FD8972559838800365D57 /* RotateArray_189.swift */ = {isa = PBXFileReference; lastKnownFileType = sourcecode.swift; path = RotateArray_189.swift; sourceTree = "<group>"; };
		FD82B1C2255AD65C005AB1C9 /* MaxLengthCharacters_1624.swift */ = {isa = PBXFileReference; lastKnownFileType = sourcecode.swift; path = MaxLengthCharacters_1624.swift; sourceTree = "<group>"; };
		FDA65E2D2566B41D00644E95 /* LengthOfLongestSubstring_03.swift */ = {isa = PBXFileReference; lastKnownFileType = sourcecode.swift; path = LengthOfLongestSubstring_03.swift; sourceTree = "<group>"; };
		FDA65E32256BEDD400644E95 /* ReverseInt_07.swift */ = {isa = PBXFileReference; lastKnownFileType = sourcecode.swift; path = ReverseInt_07.swift; sourceTree = "<group>"; };
		FDA65E37256EA02D00644E95 /* LongestPalindrome_05.swift */ = {isa = PBXFileReference; lastKnownFileType = sourcecode.swift; path = LongestPalindrome_05.swift; sourceTree = "<group>"; };
		FDA65E3F257534A200644E95 /* RemoveDuplicates_26.swift */ = {isa = PBXFileReference; lastKnownFileType = sourcecode.swift; path = RemoveDuplicates_26.swift; sourceTree = "<group>"; };
		FDA65E442576821A00644E95 /* RomanToInt_13.swift */ = {isa = PBXFileReference; lastKnownFileType = sourcecode.swift; path = RomanToInt_13.swift; sourceTree = "<group>"; };
		FDA65E492579212000644E95 /* RemoveElement_27.swift */ = {isa = PBXFileReference; lastKnownFileType = sourcecode.swift; path = RemoveElement_27.swift; sourceTree = "<group>"; };
		FDA65E4E257FB33800644E95 /* ValideBrackets_20.swift */ = {isa = PBXFileReference; lastKnownFileType = sourcecode.swift; path = ValideBrackets_20.swift; sourceTree = "<group>"; };
		FDA65E53258105B500644E95 /* ThreeSum_15.swift */ = {isa = PBXFileReference; lastKnownFileType = sourcecode.swift; path = ThreeSum_15.swift; sourceTree = "<group>"; };
/* End PBXFileReference section */

/* Begin PBXFrameworksBuildPhase section */
		810FF14624DAC13100E76872 /* Frameworks */ = {
			isa = PBXFrameworksBuildPhase;
			buildActionMask = 2147483647;
			files = (
			);
			runOnlyForDeploymentPostprocessing = 0;
		};
		810FF15C24DAC13200E76872 /* Frameworks */ = {
			isa = PBXFrameworksBuildPhase;
			buildActionMask = 2147483647;
			files = (
			);
			runOnlyForDeploymentPostprocessing = 0;
		};
		810FF16724DAC13200E76872 /* Frameworks */ = {
			isa = PBXFrameworksBuildPhase;
			buildActionMask = 2147483647;
			files = (
			);
			runOnlyForDeploymentPostprocessing = 0;
		};
/* End PBXFrameworksBuildPhase section */

/* Begin PBXGroup section */
		810FF14024DAC13000E76872 = {
			isa = PBXGroup;
			children = (
				810FF14B24DAC13100E76872 /* AlgorithmSwift */,
				810FF16224DAC13200E76872 /* AlgorithmSwiftTests */,
				810FF16D24DAC13200E76872 /* AlgorithmSwiftUITests */,
				810FF14A24DAC13100E76872 /* Products */,
			);
			sourceTree = "<group>";
		};
		810FF14A24DAC13100E76872 /* Products */ = {
			isa = PBXGroup;
			children = (
				810FF14924DAC13100E76872 /* AlgorithmSwift.app */,
				810FF15F24DAC13200E76872 /* AlgorithmSwiftTests.xctest */,
				810FF16A24DAC13200E76872 /* AlgorithmSwiftUITests.xctest */,
			);
			name = Products;
			sourceTree = "<group>";
		};
		810FF14B24DAC13100E76872 /* AlgorithmSwift */ = {
			isa = PBXGroup;
			children = (
				810FF17C24DAC1A600E76872 /* Classes */,
				812E179524E1270A003A0CE8 /* BaseViewController.swift */,
				810FF14C24DAC13100E76872 /* AppDelegate.swift */,
				810FF14E24DAC13100E76872 /* SceneDelegate.swift */,
				810FF15024DAC13100E76872 /* ViewController.swift */,
				810FF15224DAC13100E76872 /* Main.storyboard */,
				810FF15524DAC13200E76872 /* Assets.xcassets */,
				810FF15724DAC13200E76872 /* LaunchScreen.storyboard */,
				810FF15A24DAC13200E76872 /* Info.plist */,
			);
			path = AlgorithmSwift;
			sourceTree = "<group>";
		};
		810FF16224DAC13200E76872 /* AlgorithmSwiftTests */ = {
			isa = PBXGroup;
			children = (
				810FF16324DAC13200E76872 /* AlgorithmSwiftTests.swift */,
				810FF16524DAC13200E76872 /* Info.plist */,
			);
			path = AlgorithmSwiftTests;
			sourceTree = "<group>";
		};
		810FF16D24DAC13200E76872 /* AlgorithmSwiftUITests */ = {
			isa = PBXGroup;
			children = (
				810FF16E24DAC13200E76872 /* AlgorithmSwiftUITests.swift */,
				810FF17024DAC13200E76872 /* Info.plist */,
			);
			path = AlgorithmSwiftUITests;
			sourceTree = "<group>";
		};
		810FF17C24DAC1A600E76872 /* Classes */ = {
			isa = PBXGroup;
			children = (
				810FF17F24DAC9C600E76872 /* BubbleSort.swift */,
				812E179724E12781003A0CE8 /* SelectionSort.swift */,
				8180573624E27C7F00FFD979 /* QuickSort.swift */,
				8180573824E294A000FFD979 /* BinarySearch.swift */,
				81DC83A42520780C00EE0CBF /* Intersect_350.swift */,
				81DC83A62520789700EE0CBF /* ToSum_1.swift */,
				81DC83A82520799000EE0CBF /* LongestCommonPrefix_14.swift */,
				8164D4E0253ECE8C006ED328 /* MaxProfit_121.swift */,
				8164D4E225402104006ED328 /* MaxProfit_122_II.swift */,
				FD4FD8972559838800365D57 /* RotateArray_189.swift */,
				FD82B1C2255AD65C005AB1C9 /* MaxLengthCharacters_1624.swift */,
				FD1F7D042562BA1B00F40584 /* LeastNumbers.swift */,
				FDA65E2D2566B41D00644E95 /* LengthOfLongestSubstring_03.swift */,
				FDA65E32256BEDD400644E95 /* ReverseInt_07.swift */,
				FDA65E37256EA02D00644E95 /* LongestPalindrome_05.swift */,
				FDA65E3F257534A200644E95 /* RemoveDuplicates_26.swift */,
				FDA65E442576821A00644E95 /* RomanToInt_13.swift */,
				FDA65E492579212000644E95 /* RemoveElement_27.swift */,
				FDA65E4E257FB33800644E95 /* ValideBrackets_20.swift */,
				FDA65E53258105B500644E95 /* ThreeSum_15.swift */,
				81F92B422588EA49007736DD /* IsPalindrome_9.swift */,
			);
			path = Classes;
			sourceTree = "<group>";
		};
/* End PBXGroup section */

/* Begin PBXNativeTarget section */
		810FF14824DAC13100E76872 /* AlgorithmSwift */ = {
			isa = PBXNativeTarget;
			buildConfigurationList = 810FF17324DAC13200E76872 /* Build configuration list for PBXNativeTarget "AlgorithmSwift" */;
			buildPhases = (
				810FF14524DAC13100E76872 /* Sources */,
				810FF14624DAC13100E76872 /* Frameworks */,
				810FF14724DAC13100E76872 /* Resources */,
			);
			buildRules = (
			);
			dependencies = (
			);
			name = AlgorithmSwift;
			productName = AlgorithmSwift;
			productReference = 810FF14924DAC13100E76872 /* AlgorithmSwift.app */;
			productType = "com.apple.product-type.application";
		};
		810FF15E24DAC13200E76872 /* AlgorithmSwiftTests */ = {
			isa = PBXNativeTarget;
			buildConfigurationList = 810FF17624DAC13200E76872 /* Build configuration list for PBXNativeTarget "AlgorithmSwiftTests" */;
			buildPhases = (
				810FF15B24DAC13200E76872 /* Sources */,
				810FF15C24DAC13200E76872 /* Frameworks */,
				810FF15D24DAC13200E76872 /* Resources */,
			);
			buildRules = (
			);
			dependencies = (
				810FF16124DAC13200E76872 /* PBXTargetDependency */,
			);
			name = AlgorithmSwiftTests;
			productName = AlgorithmSwiftTests;
			productReference = 810FF15F24DAC13200E76872 /* AlgorithmSwiftTests.xctest */;
			productType = "com.apple.product-type.bundle.unit-test";
		};
		810FF16924DAC13200E76872 /* AlgorithmSwiftUITests */ = {
			isa = PBXNativeTarget;
			buildConfigurationList = 810FF17924DAC13200E76872 /* Build configuration list for PBXNativeTarget "AlgorithmSwiftUITests" */;
			buildPhases = (
				810FF16624DAC13200E76872 /* Sources */,
				810FF16724DAC13200E76872 /* Frameworks */,
				810FF16824DAC13200E76872 /* Resources */,
			);
			buildRules = (
			);
			dependencies = (
				810FF16C24DAC13200E76872 /* PBXTargetDependency */,
			);
			name = AlgorithmSwiftUITests;
			productName = AlgorithmSwiftUITests;
			productReference = 810FF16A24DAC13200E76872 /* AlgorithmSwiftUITests.xctest */;
			productType = "com.apple.product-type.bundle.ui-testing";
		};
/* End PBXNativeTarget section */

/* Begin PBXProject section */
		810FF14124DAC13000E76872 /* Project object */ = {
			isa = PBXProject;
			attributes = {
				LastSwiftUpdateCheck = 1130;
				LastUpgradeCheck = 1220;
				ORGANIZATIONNAME = ios;
				TargetAttributes = {
					810FF14824DAC13100E76872 = {
						CreatedOnToolsVersion = 11.3.1;
					};
					810FF15E24DAC13200E76872 = {
						CreatedOnToolsVersion = 11.3.1;
						TestTargetID = 810FF14824DAC13100E76872;
					};
					810FF16924DAC13200E76872 = {
						CreatedOnToolsVersion = 11.3.1;
						TestTargetID = 810FF14824DAC13100E76872;
					};
				};
			};
			buildConfigurationList = 810FF14424DAC13000E76872 /* Build configuration list for PBXProject "AlgorithmSwift" */;
			compatibilityVersion = "Xcode 9.3";
			developmentRegion = en;
			hasScannedForEncodings = 0;
			knownRegions = (
				en,
				Base,
			);
			mainGroup = 810FF14024DAC13000E76872;
			productRefGroup = 810FF14A24DAC13100E76872 /* Products */;
			projectDirPath = "";
			projectRoot = "";
			targets = (
				810FF14824DAC13100E76872 /* AlgorithmSwift */,
				810FF15E24DAC13200E76872 /* AlgorithmSwiftTests */,
				810FF16924DAC13200E76872 /* AlgorithmSwiftUITests */,
			);
		};
/* End PBXProject section */

/* Begin PBXResourcesBuildPhase section */
		810FF14724DAC13100E76872 /* Resources */ = {
			isa = PBXResourcesBuildPhase;
			buildActionMask = 2147483647;
			files = (
				810FF15924DAC13200E76872 /* LaunchScreen.storyboard in Resources */,
				810FF15624DAC13200E76872 /* Assets.xcassets in Resources */,
				810FF15424DAC13100E76872 /* Main.storyboard in Resources */,
			);
			runOnlyForDeploymentPostprocessing = 0;
		};
		810FF15D24DAC13200E76872 /* Resources */ = {
			isa = PBXResourcesBuildPhase;
			buildActionMask = 2147483647;
			files = (
			);
			runOnlyForDeploymentPostprocessing = 0;
		};
		810FF16824DAC13200E76872 /* Resources */ = {
			isa = PBXResourcesBuildPhase;
			buildActionMask = 2147483647;
			files = (
			);
			runOnlyForDeploymentPostprocessing = 0;
		};
/* End PBXResourcesBuildPhase section */

/* Begin PBXSourcesBuildPhase section */
		810FF14524DAC13100E76872 /* Sources */ = {
			isa = PBXSourcesBuildPhase;
			buildActionMask = 2147483647;
			files = (
				FDA65E38256EA02D00644E95 /* LongestPalindrome_05.swift in Sources */,
				8164D4E1253ECE8C006ED328 /* MaxProfit_121.swift in Sources */,
				FDA65E33256BEDD400644E95 /* ReverseInt_07.swift in Sources */,
				FDA65E40257534A200644E95 /* RemoveDuplicates_26.swift in Sources */,
				FD4FD8982559838800365D57 /* RotateArray_189.swift in Sources */,
				FDA65E4A2579212000644E95 /* RemoveElement_27.swift in Sources */,
				FD1F7D052562BA1B00F40584 /* LeastNumbers.swift in Sources */,
				8180573924E294A000FFD979 /* BinarySearch.swift in Sources */,
				FDA65E452576821A00644E95 /* RomanToInt_13.swift in Sources */,
				81DC83A92520799000EE0CBF /* LongestCommonPrefix_14.swift in Sources */,
				812E179624E1270A003A0CE8 /* BaseViewController.swift in Sources */,
				FD82B1C3255AD65C005AB1C9 /* MaxLengthCharacters_1624.swift in Sources */,
				810FF15124DAC13100E76872 /* ViewController.swift in Sources */,
				FDA65E2E2566B41D00644E95 /* LengthOfLongestSubstring_03.swift in Sources */,
				8180573724E27C7F00FFD979 /* QuickSort.swift in Sources */,
				81DC83A52520780C00EE0CBF /* Intersect_350.swift in Sources */,
				810FF14D24DAC13100E76872 /* AppDelegate.swift in Sources */,
				81DC83A72520789700EE0CBF /* ToSum_1.swift in Sources */,
				810FF18024DAC9C600E76872 /* BubbleSort.swift in Sources */,
				8164D4E325402104006ED328 /* MaxProfit_122_II.swift in Sources */,
				812E179824E12781003A0CE8 /* SelectionSort.swift in Sources */,
				FDA65E4F257FB33800644E95 /* ValideBrackets_20.swift in Sources */,
				81F92B432588EA4A007736DD /* IsPalindrome_9.swift in Sources */,
				FDA65E54258105B500644E95 /* ThreeSum_15.swift in Sources */,
				810FF14F24DAC13100E76872 /* SceneDelegate.swift in Sources */,
			);
			runOnlyForDeploymentPostprocessing = 0;
		};
		810FF15B24DAC13200E76872 /* Sources */ = {
			isa = PBXSourcesBuildPhase;
			buildActionMask = 2147483647;
			files = (
				810FF16424DAC13200E76872 /* AlgorithmSwiftTests.swift in Sources */,
			);
			runOnlyForDeploymentPostprocessing = 0;
		};
		810FF16624DAC13200E76872 /* Sources */ = {
			isa = PBXSourcesBuildPhase;
			buildActionMask = 2147483647;
			files = (
				810FF16F24DAC13200E76872 /* AlgorithmSwiftUITests.swift in Sources */,
			);
			runOnlyForDeploymentPostprocessing = 0;
		};
/* End PBXSourcesBuildPhase section */

/* Begin PBXTargetDependency section */
		810FF16124DAC13200E76872 /* PBXTargetDependency */ = {
			isa = PBXTargetDependency;
			target = 810FF14824DAC13100E76872 /* AlgorithmSwift */;
			targetProxy = 810FF16024DAC13200E76872 /* PBXContainerItemProxy */;
		};
		810FF16C24DAC13200E76872 /* PBXTargetDependency */ = {
			isa = PBXTargetDependency;
			target = 810FF14824DAC13100E76872 /* AlgorithmSwift */;
			targetProxy = 810FF16B24DAC13200E76872 /* PBXContainerItemProxy */;
		};
/* End PBXTargetDependency section */

/* Begin PBXVariantGroup section */
		810FF15224DAC13100E76872 /* Main.storyboard */ = {
			isa = PBXVariantGroup;
			children = (
				810FF15324DAC13100E76872 /* Base */,
			);
			name = Main.storyboard;
			sourceTree = "<group>";
		};
		810FF15724DAC13200E76872 /* LaunchScreen.storyboard */ = {
			isa = PBXVariantGroup;
			children = (
				810FF15824DAC13200E76872 /* Base */,
			);
			name = LaunchScreen.storyboard;
			sourceTree = "<group>";
		};
/* End PBXVariantGroup section */

/* Begin XCBuildConfiguration section */
		810FF17124DAC13200E76872 /* Debug */ = {
			isa = XCBuildConfiguration;
			buildSettings = {
				ALWAYS_SEARCH_USER_PATHS = NO;
				CLANG_ANALYZER_NONNULL = YES;
				CLANG_ANALYZER_NUMBER_OBJECT_CONVERSION = YES_AGGRESSIVE;
				CLANG_CXX_LANGUAGE_STANDARD = "gnu++14";
				CLANG_CXX_LIBRARY = "libc++";
				CLANG_ENABLE_MODULES = YES;
				CLANG_ENABLE_OBJC_ARC = YES;
				CLANG_ENABLE_OBJC_WEAK = YES;
				CLANG_WARN_BLOCK_CAPTURE_AUTORELEASING = YES;
				CLANG_WARN_BOOL_CONVERSION = YES;
				CLANG_WARN_COMMA = YES;
				CLANG_WARN_CONSTANT_CONVERSION = YES;
				CLANG_WARN_DEPRECATED_OBJC_IMPLEMENTATIONS = YES;
				CLANG_WARN_DIRECT_OBJC_ISA_USAGE = YES_ERROR;
				CLANG_WARN_DOCUMENTATION_COMMENTS = YES;
				CLANG_WARN_EMPTY_BODY = YES;
				CLANG_WARN_ENUM_CONVERSION = YES;
				CLANG_WARN_INFINITE_RECURSION = YES;
				CLANG_WARN_INT_CONVERSION = YES;
				CLANG_WARN_NON_LITERAL_NULL_CONVERSION = YES;
				CLANG_WARN_OBJC_IMPLICIT_RETAIN_SELF = YES;
				CLANG_WARN_OBJC_LITERAL_CONVERSION = YES;
				CLANG_WARN_OBJC_ROOT_CLASS = YES_ERROR;
				CLANG_WARN_QUOTED_INCLUDE_IN_FRAMEWORK_HEADER = YES;
				CLANG_WARN_RANGE_LOOP_ANALYSIS = YES;
				CLANG_WARN_STRICT_PROTOTYPES = YES;
				CLANG_WARN_SUSPICIOUS_MOVE = YES;
				CLANG_WARN_UNGUARDED_AVAILABILITY = YES_AGGRESSIVE;
				CLANG_WARN_UNREACHABLE_CODE = YES;
				CLANG_WARN__DUPLICATE_METHOD_MATCH = YES;
				COPY_PHASE_STRIP = NO;
				DEBUG_INFORMATION_FORMAT = dwarf;
				ENABLE_STRICT_OBJC_MSGSEND = YES;
				ENABLE_TESTABILITY = YES;
				GCC_C_LANGUAGE_STANDARD = gnu11;
				GCC_DYNAMIC_NO_PIC = NO;
				GCC_NO_COMMON_BLOCKS = YES;
				GCC_OPTIMIZATION_LEVEL = 0;
				GCC_PREPROCESSOR_DEFINITIONS = (
					"DEBUG=1",
					"$(inherited)",
				);
				GCC_WARN_64_TO_32_BIT_CONVERSION = YES;
				GCC_WARN_ABOUT_RETURN_TYPE = YES_ERROR;
				GCC_WARN_UNDECLARED_SELECTOR = YES;
				GCC_WARN_UNINITIALIZED_AUTOS = YES_AGGRESSIVE;
				GCC_WARN_UNUSED_FUNCTION = YES;
				GCC_WARN_UNUSED_VARIABLE = YES;
				IPHONEOS_DEPLOYMENT_TARGET = 13.2;
				MTL_ENABLE_DEBUG_INFO = INCLUDE_SOURCE;
				MTL_FAST_MATH = YES;
				ONLY_ACTIVE_ARCH = YES;
				SDKROOT = iphoneos;
				SWIFT_ACTIVE_COMPILATION_CONDITIONS = DEBUG;
				SWIFT_OPTIMIZATION_LEVEL = "-Onone";
			};
			name = Debug;
		};
		810FF17224DAC13200E76872 /* Release */ = {
			isa = XCBuildConfiguration;
			buildSettings = {
				ALWAYS_SEARCH_USER_PATHS = NO;
				CLANG_ANALYZER_NONNULL = YES;
				CLANG_ANALYZER_NUMBER_OBJECT_CONVERSION = YES_AGGRESSIVE;
				CLANG_CXX_LANGUAGE_STANDARD = "gnu++14";
				CLANG_CXX_LIBRARY = "libc++";
				CLANG_ENABLE_MODULES = YES;
				CLANG_ENABLE_OBJC_ARC = YES;
				CLANG_ENABLE_OBJC_WEAK = YES;
				CLANG_WARN_BLOCK_CAPTURE_AUTORELEASING = YES;
				CLANG_WARN_BOOL_CONVERSION = YES;
				CLANG_WARN_COMMA = YES;
				CLANG_WARN_CONSTANT_CONVERSION = YES;
				CLANG_WARN_DEPRECATED_OBJC_IMPLEMENTATIONS = YES;
				CLANG_WARN_DIRECT_OBJC_ISA_USAGE = YES_ERROR;
				CLANG_WARN_DOCUMENTATION_COMMENTS = YES;
				CLANG_WARN_EMPTY_BODY = YES;
				CLANG_WARN_ENUM_CONVERSION = YES;
				CLANG_WARN_INFINITE_RECURSION = YES;
				CLANG_WARN_INT_CONVERSION = YES;
				CLANG_WARN_NON_LITERAL_NULL_CONVERSION = YES;
				CLANG_WARN_OBJC_IMPLICIT_RETAIN_SELF = YES;
				CLANG_WARN_OBJC_LITERAL_CONVERSION = YES;
				CLANG_WARN_OBJC_ROOT_CLASS = YES_ERROR;
				CLANG_WARN_QUOTED_INCLUDE_IN_FRAMEWORK_HEADER = YES;
				CLANG_WARN_RANGE_LOOP_ANALYSIS = YES;
				CLANG_WARN_STRICT_PROTOTYPES = YES;
				CLANG_WARN_SUSPICIOUS_MOVE = YES;
				CLANG_WARN_UNGUARDED_AVAILABILITY = YES_AGGRESSIVE;
				CLANG_WARN_UNREACHABLE_CODE = YES;
				CLANG_WARN__DUPLICATE_METHOD_MATCH = YES;
				COPY_PHASE_STRIP = NO;
				DEBUG_INFORMATION_FORMAT = "dwarf-with-dsym";
				ENABLE_NS_ASSERTIONS = NO;
				ENABLE_STRICT_OBJC_MSGSEND = YES;
				GCC_C_LANGUAGE_STANDARD = gnu11;
				GCC_NO_COMMON_BLOCKS = YES;
				GCC_WARN_64_TO_32_BIT_CONVERSION = YES;
				GCC_WARN_ABOUT_RETURN_TYPE = YES_ERROR;
				GCC_WARN_UNDECLARED_SELECTOR = YES;
				GCC_WARN_UNINITIALIZED_AUTOS = YES_AGGRESSIVE;
				GCC_WARN_UNUSED_FUNCTION = YES;
				GCC_WARN_UNUSED_VARIABLE = YES;
				IPHONEOS_DEPLOYMENT_TARGET = 13.2;
				MTL_ENABLE_DEBUG_INFO = NO;
				MTL_FAST_MATH = YES;
				SDKROOT = iphoneos;
				SWIFT_COMPILATION_MODE = wholemodule;
				SWIFT_OPTIMIZATION_LEVEL = "-O";
				VALIDATE_PRODUCT = YES;
			};
			name = Release;
		};
		810FF17424DAC13200E76872 /* Debug */ = {
			isa = XCBuildConfiguration;
			buildSettings = {
				ASSETCATALOG_COMPILER_APPICON_NAME = AppIcon;
				CODE_SIGN_STYLE = Automatic;
				DEVELOPMENT_TEAM = 729BYBTS3K;
				INFOPLIST_FILE = AlgorithmSwift/Info.plist;
				LD_RUNPATH_SEARCH_PATHS = (
					"$(inherited)",
					"@executable_path/Frameworks",
				);
				PRODUCT_BUNDLE_IDENTIFIER = com.github.qingfeng.AlgorithmSwift;
				PRODUCT_NAME = "$(TARGET_NAME)";
				SWIFT_VERSION = 5.0;
				TARGETED_DEVICE_FAMILY = "1,2";
			};
			name = Debug;
		};
		810FF17524DAC13200E76872 /* Release */ = {
			isa = XCBuildConfiguration;
			buildSettings = {
				ASSETCATALOG_COMPILER_APPICON_NAME = AppIcon;
				CODE_SIGN_STYLE = Automatic;
				DEVELOPMENT_TEAM = 729BYBTS3K;
				INFOPLIST_FILE = AlgorithmSwift/Info.plist;
				LD_RUNPATH_SEARCH_PATHS = (
					"$(inherited)",
					"@executable_path/Frameworks",
				);
				PRODUCT_BUNDLE_IDENTIFIER = com.github.qingfeng.AlgorithmSwift;
				PRODUCT_NAME = "$(TARGET_NAME)";
				SWIFT_VERSION = 5.0;
				TARGETED_DEVICE_FAMILY = "1,2";
			};
			name = Release;
		};
		810FF17724DAC13200E76872 /* Debug */ = {
			isa = XCBuildConfiguration;
			buildSettings = {
				ALWAYS_EMBED_SWIFT_STANDARD_LIBRARIES = YES;
				BUNDLE_LOADER = "$(TEST_HOST)";
				CODE_SIGN_STYLE = Automatic;
				INFOPLIST_FILE = AlgorithmSwiftTests/Info.plist;
				IPHONEOS_DEPLOYMENT_TARGET = 13.2;
				LD_RUNPATH_SEARCH_PATHS = (
					"$(inherited)",
					"@executable_path/Frameworks",
					"@loader_path/Frameworks",
				);
				PRODUCT_BUNDLE_IDENTIFIER = com.github.qingfeng.AlgorithmSwiftTests;
				PRODUCT_NAME = "$(TARGET_NAME)";
				SWIFT_VERSION = 5.0;
				TARGETED_DEVICE_FAMILY = "1,2";
				TEST_HOST = "$(BUILT_PRODUCTS_DIR)/AlgorithmSwift.app/AlgorithmSwift";
			};
			name = Debug;
		};
		810FF17824DAC13200E76872 /* Release */ = {
			isa = XCBuildConfiguration;
			buildSettings = {
				ALWAYS_EMBED_SWIFT_STANDARD_LIBRARIES = YES;
				BUNDLE_LOADER = "$(TEST_HOST)";
				CODE_SIGN_STYLE = Automatic;
				INFOPLIST_FILE = AlgorithmSwiftTests/Info.plist;
				IPHONEOS_DEPLOYMENT_TARGET = 13.2;
				LD_RUNPATH_SEARCH_PATHS = (
					"$(inherited)",
					"@executable_path/Frameworks",
					"@loader_path/Frameworks",
				);
				PRODUCT_BUNDLE_IDENTIFIER = com.github.qingfeng.AlgorithmSwiftTests;
				PRODUCT_NAME = "$(TARGET_NAME)";
				SWIFT_VERSION = 5.0;
				TARGETED_DEVICE_FAMILY = "1,2";
				TEST_HOST = "$(BUILT_PRODUCTS_DIR)/AlgorithmSwift.app/AlgorithmSwift";
			};
			name = Release;
		};
		810FF17A24DAC13200E76872 /* Debug */ = {
			isa = XCBuildConfiguration;
			buildSettings = {
				ALWAYS_EMBED_SWIFT_STANDARD_LIBRARIES = YES;
				CODE_SIGN_STYLE = Automatic;
				INFOPLIST_FILE = AlgorithmSwiftUITests/Info.plist;
				LD_RUNPATH_SEARCH_PATHS = (
					"$(inherited)",
					"@executable_path/Frameworks",
					"@loader_path/Frameworks",
				);
				PRODUCT_BUNDLE_IDENTIFIER = com.github.qingfeng.AlgorithmSwiftUITests;
				PRODUCT_NAME = "$(TARGET_NAME)";
				SWIFT_VERSION = 5.0;
				TARGETED_DEVICE_FAMILY = "1,2";
				TEST_TARGET_NAME = AlgorithmSwift;
			};
			name = Debug;
		};
		810FF17B24DAC13200E76872 /* Release */ = {
			isa = XCBuildConfiguration;
			buildSettings = {
				ALWAYS_EMBED_SWIFT_STANDARD_LIBRARIES = YES;
				CODE_SIGN_STYLE = Automatic;
				INFOPLIST_FILE = AlgorithmSwiftUITests/Info.plist;
				LD_RUNPATH_SEARCH_PATHS = (
					"$(inherited)",
					"@executable_path/Frameworks",
					"@loader_path/Frameworks",
				);
				PRODUCT_BUNDLE_IDENTIFIER = com.github.qingfeng.AlgorithmSwiftUITests;
				PRODUCT_NAME = "$(TARGET_NAME)";
				SWIFT_VERSION = 5.0;
				TARGETED_DEVICE_FAMILY = "1,2";
				TEST_TARGET_NAME = AlgorithmSwift;
			};
			name = Release;
		};
/* End XCBuildConfiguration section */

/* Begin XCConfigurationList section */
		810FF14424DAC13000E76872 /* Build configuration list for PBXProject "AlgorithmSwift" */ = {
			isa = XCConfigurationList;
			buildConfigurations = (
				810FF17124DAC13200E76872 /* Debug */,
				810FF17224DAC13200E76872 /* Release */,
			);
			defaultConfigurationIsVisible = 0;
			defaultConfigurationName = Release;
		};
		810FF17324DAC13200E76872 /* Build configuration list for PBXNativeTarget "AlgorithmSwift" */ = {
			isa = XCConfigurationList;
			buildConfigurations = (
				810FF17424DAC13200E76872 /* Debug */,
				810FF17524DAC13200E76872 /* Release */,
			);
			defaultConfigurationIsVisible = 0;
			defaultConfigurationName = Release;
		};
		810FF17624DAC13200E76872 /* Build configuration list for PBXNativeTarget "AlgorithmSwiftTests" */ = {
			isa = XCConfigurationList;
			buildConfigurations = (
				810FF17724DAC13200E76872 /* Debug */,
				810FF17824DAC13200E76872 /* Release */,
			);
			defaultConfigurationIsVisible = 0;
			defaultConfigurationName = Release;
		};
		810FF17924DAC13200E76872 /* Build configuration list for PBXNativeTarget "AlgorithmSwiftUITests" */ = {
			isa = XCConfigurationList;
			buildConfigurations = (
				810FF17A24DAC13200E76872 /* Debug */,
				810FF17B24DAC13200E76872 /* Release */,
			);
			defaultConfigurationIsVisible = 0;
			defaultConfigurationName = Release;
		};
/* End XCConfigurationList section */
	};
	rootObject = 810FF14124DAC13000E76872 /* Project object */;
}
